
Microsoft Visual Studio Solution File, Format Version 12.00
# Visual Studio Version 16
VisualStudioVersion = 16.0.31005.135
MinimumVisualStudioVersion = 10.0.40219.1
Project("{FAE04EC0-301F-11D3-BF4B-00C04F79EFBC}") = "MultiPass.Android", "MultiPass\MultiPass.Android\MultiPass.Android.csproj", "{AD86D3B7-D435-43B0-B03A-D038841F0F9F}"
EndProject
Project("{FAE04EC0-301F-11D3-BF4B-00C04F79EFBC}") = "MultiPass.iOS", "MultiPass\MultiPass.iOS\MultiPass.iOS.csproj", "{2D2E9EE6-D35C-4C23-8259-D90BCA36244D}"
EndProject
Project("{9A19103F-16F7-4668-BE54-9A1E7A4F7556}") = "MultiPass", "MultiPass\MultiPass\MultiPass.csproj", "{788831E6-6AC9-4047-9AA7-9CA0E2300958}"
EndProject
Global
	GlobalSection(SolutionConfigurationPlatforms) = preSolution
		Debug|Any CPU = Debug|Any CPU
		Debug|iPhone = Debug|iPhone
		Debug|iPhoneSimulator = Debug|iPhoneSimulator
		Release|Any CPU = Release|Any CPU
		Release|iPhone = Release|iPhone
		Release|iPhoneSimulator = Release|iPhoneSimulator
	EndGlobalSection
	GlobalSection(ProjectConfigurationPlatforms) = postSolution
		{AD86D3B7-D435-43B0-B03A-D038841F0F9F}.Debug|Any CPU.ActiveCfg = Release|Any CPU
		{AD86D3B7-D435-43B0-B03A-D038841F0F9F}.Debug|Any CPU.Build.0 = Release|Any CPU
		{AD86D3B7-D435-43B0-B03A-D038841F0F9F}.Debug|Any CPU.Deploy.0 = Release|Any CPU
		{AD86D3B7-D435-43B0-B03A-D038841F0F9F}.Debug|iPhone.ActiveCfg = Debug|Any CPU
		{AD86D3B7-D435-43B0-B03A-D038841F0F9F}.Debug|iPhone.Build.0 = Debug|Any CPU
		{AD86D3B7-D435-43B0-B03A-D038841F0F9F}.Debug|iPhone.Deploy.0 = Debug|Any CPU
		{AD86D3B7-D435-43B0-B03A-D038841F0F9F}.Debug|iPhoneSimulator.ActiveCfg = Debug|Any CPU
		{AD86D3B7-D435-43B0-B03A-D038841F0F9F}.Debug|iPhoneSimulator.Build.0 = Debug|Any CPU
		{AD86D3B7-D435-43B0-B03A-D038841F0F9F}.Debug|iPhoneSimulator.Deploy.0 = Debug|Any CPU
		{AD86D3B7-D435-43B0-B03A-D038841F0F9F}.Release|Any CPU.ActiveCfg = Release|Any CPU
		{AD86D3B7-D435-43B0-B03A-D038841F0F9F}.Release|Any CPU.Build.0 = Release|Any CPU
		{AD86D3B7-D435-43B0-B03A-D038841F0F9F}.Release|Any CPU.Deploy.0 = Release|Any CPU
		{AD86D3B7-D435-43B0-B03A-D038841F0F9F}.Release|iPhone.ActiveCfg = Release|Any CPU
		{AD86D3B7-D435-43B0-B03A-D038841F0F9F}.Release|iPhone.Build.0 = Release|Any CPU
		{AD86D3B7-D435-43B0-B03A-D038841F0F9F}.Release|iPhone.Deploy.0 = Release|Any CPU
		{AD86D3B7-D435-43B0-B03A-D038841F0F9F}.Release|iPhoneSimulator.ActiveCfg = Release|Any CPU
		{AD86D3B7-D435-43B0-B03A-D038841F0F9F}.Release|iPhoneSimulator.Build.0 = Release|Any CPU
		{AD86D3B7-D435-43B0-B03A-D038841F0F9F}.Release|iPhoneSimulator.Deploy.0 = Release|Any CPU
		{2D2E9EE6-D35C-4C23-8259-D90BCA36244D}.Debug|Any CPU.ActiveCfg = Release|iPhone
		{2D2E9EE6-D35C-4C23-8259-D90BCA36244D}.Debug|Any CPU.Build.0 = Release|iPhone
		{2D2E9EE6-D35C-4C23-8259-D90BCA36244D}.Debug|Any CPU.Deploy.0 = Release|iPhone
		{2D2E9EE6-D35C-4C23-8259-D90BCA36244D}.Debug|iPhone.ActiveCfg = Debug|iPhone
		{2D2E9EE6-D35C-4C23-8259-D90BCA36244D}.Debug|iPhone.Build.0 = Debug|iPhone
		{2D2E9EE6-D35C-4C23-8259-D90BCA36244D}.Debug|iPhone.Deploy.0 = Debug|iPhone
		{2D2E9EE6-D35C-4C23-8259-D90BCA36244D}.Debug|iPhoneSimulator.ActiveCfg = Debug|iPhoneSimulator
		{2D2E9EE6-D35C-4C23-8259-D90BCA36244D}.Debug|iPhoneSimulator.Build.0 = Debug|iPhoneSimulator
		{2D2E9EE6-D35C-4C23-8259-D90BCA36244D}.Debug|iPhoneSimulator.Deploy.0 = Debug|iPhoneSimulator
		{2D2E9EE6-D35C-4C23-8259-D90BCA36244D}.Release|Any CPU.ActiveCfg = Release|iPhoneSimulator
		{2D2E9EE6-D35C-4C23-8259-D90BCA36244D}.Release|Any CPU.Build.0 = Release|iPhoneSimulator
		{2D2E9EE6-D35C-4C23-8259-D90BCA36244D}.Release|Any CPU.Deploy.0 = Release|iPhoneSimulator
		{2D2E9EE6-D35C-4C23-8259-D90BCA36244D}.Release|iPhone.ActiveCfg = Release|iPhone
		{2D2E9EE6-D35C-4C23-8259-D90BCA36244D}.Release|iPhone.Build.0 = Release|iPhone
		{2D2E9EE6-D35C-4C23-8259-D90BCA36244D}.Release|iPhone.Deploy.0 = Release|iPhone
		{2D2E9EE6-D35C-4C23-8259-D90BCA36244D}.Release|iPhoneSimulator.ActiveCfg = Release|iPhoneSimulator
		{2D2E9EE6-D35C-4C23-8259-D90BCA36244D}.Release|iPhoneSimulator.Build.0 = Release|iPhoneSimulator
		{2D2E9EE6-D35C-4C23-8259-D90BCA36244D}.Release|iPhoneSimulator.Deploy.0 = Release|iPhoneSimulator
		{788831E6-6AC9-4047-9AA7-9CA0E2300958}.Debug|Any CPU.ActiveCfg = Release|Any CPU
		{788831E6-6AC9-4047-9AA7-9CA0E2300958}.Debug|Any CPU.Build.0 = Release|Any CPU
		{788831E6-6AC9-4047-9AA7-9CA0E2300958}.Debug|Any CPU.Deploy.0 = Release|Any CPU
		{788831E6-6AC9-4047-9AA7-9CA0E2300958}.Debug|iPhone.ActiveCfg = Debug|Any CPU
		{788831E6-6AC9-4047-9AA7-9CA0E2300958}.Debug|iPhone.Build.0 = Debug|Any CPU
		{788831E6-6AC9-4047-9AA7-9CA0E2300958}.Debug|iPhone.Deploy.0 = Debug|Any CPU
		{788831E6-6AC9-4047-9AA7-9CA0E2300958}.Debug|iPhoneSimulator.ActiveCfg = Debug|Any CPU
		{788831E6-6AC9-4047-9AA7-9CA0E2300958}.Debug|iPhoneSimulator.Build.0 = Debug|Any CPU
		{788831E6-6AC9-4047-9AA7-9CA0E2300958}.Debug|iPhoneSimulator.Deploy.0 = Debug|Any CPU
		{788831E6-6AC9-4047-9AA7-9CA0E2300958}.Release|Any CPU.ActiveCfg = Release|Any CPU
		{788831E6-6AC9-4047-9AA7-9CA0E2300958}.Release|Any CPU.Build.0 = Release|Any CPU
		{788831E6-6AC9-4047-9AA7-9CA0E2300958}.Release|Any CPU.Deploy.0 = Release|Any CPU
		{788831E6-6AC9-4047-9AA7-9CA0E2300958}.Release|iPhone.ActiveCfg = Release|Any CPU
		{788831E6-6AC9-4047-9AA7-9CA0E2300958}.Release|iPhone.Build.0 = Release|Any CPU
		{788831E6-6AC9-4047-9AA7-9CA0E2300958}.Release|iPhone.Deploy.0 = Release|Any CPU
		{788831E6-6AC9-4047-9AA7-9CA0E2300958}.Release|iPhoneSimulator.ActiveCfg = Release|Any CPU
		{788831E6-6AC9-4047-9AA7-9CA0E2300958}.Release|iPhoneSimulator.Build.0 = Release|Any CPU
		{788831E6-6AC9-4047-9AA7-9CA0E2300958}.Release|iPhoneSimulator.Deploy.0 = Release|Any CPU
	EndGlobalSection
	GlobalSection(SolutionProperties) = preSolution
		HideSolutionNode = FALSE
	EndGlobalSection
	GlobalSection(ExtensibilityGlobals) = postSolution
		SolutionGuid = {8B24EAAD-64D4-4C78-8D8E-4B958DD3EFF3}
	EndGlobalSection
EndGlobal
